
Microsoft Visual Studio Solution File, Format Version 12.00
# Visual Studio 15
Project("{FAE04EC0-301F-11D3-BF4B-00C04F79EFBC}") = "UnityEngine.TestRunner", "UnityEngine.TestRunner.csproj", "{B609A260-E311-AEC2-092F-FC07AD702A7E}"
EndProject
Project("{FAE04EC0-301F-11D3-BF4B-00C04F79EFBC}") = "Unity.Timeline", "Unity.Timeline.csproj", "{ACD85BD9-9FA8-2C52-A9E4-24344C3774C3}"
EndProject
Project("{FAE04EC0-301F-11D3-BF4B-00C04F79EFBC}") = "Unity.TextMeshPro", "Unity.TextMeshPro.csproj", "{ADB4FD11-11BF-4858-E1CB-BAEE3199D878}"
EndProject
Project("{FAE04EC0-301F-11D3-BF4B-00C04F79EFBC}") = "Assembly-CSharp", "Assembly-CSharp.csproj", "{A3A9F789-BD58-5609-2E7C-F36767422BD8}"
EndProject
Project("{FAE04EC0-301F-11D3-BF4B-00C04F79EFBC}") = "UnityEditor.TestRunner", "UnityEditor.TestRunner.csproj", "{97C2DCC3-DEE1-7BAE-4390-E5BAE8FCC4D2}"
EndProject
Project("{FAE04EC0-301F-11D3-BF4B-00C04F79EFBC}") = "Unity.PlasticSCM.Editor", "Unity.PlasticSCM.Editor.csproj", "{534FDBC6-E5A1-9F21-D77D-0EA9B8EF8D36}"
EndProject
Project("{FAE04EC0-301F-11D3-BF4B-00C04F79EFBC}") = "Unity.Services.Core.Editor", "Unity.Services.Core.Editor.csproj", "{D860BBAB-E98E-4F39-8A6D-DA936113E271}"
EndProject
Project("{FAE04EC0-301F-11D3-BF4B-00C04F79EFBC}") = "Unity.Timeline.Editor", "Unity.Timeline.Editor.csproj", "{50D39552-78AA-74A6-44AF-5662EECD6902}"
EndProject
Project("{FAE04EC0-301F-11D3-BF4B-00C04F79EFBC}") = "Unity.VisualStudio.Editor", "Unity.VisualStudio.Editor.csproj", "{35C29CCB-6013-BDAE-88B7-98C3DDA3EEDF}"
EndProject
Project("{FAE04EC0-301F-11D3-BF4B-00C04F79EFBC}") = "Unity.TextMeshPro.Editor", "Unity.TextMeshPro.Editor.csproj", "{29392019-7327-80F1-7577-26633589ABBB}"
EndProject
Project("{FAE04EC0-301F-11D3-BF4B-00C04F79EFBC}") = "Unity.CollabProxy.Editor", "Unity.CollabProxy.Editor.csproj", "{66B7CC86-89FF-F51A-D992-F7139A26E6BB}"
EndProject
Project("{FAE04EC0-301F-11D3-BF4B-00C04F79EFBC}") = "Unity.Rider.Editor", "Unity.Rider.Editor.csproj", "{B77DD40E-6FD5-A387-7803-BF5133F6ECFB}"
EndProject
Project("{FAE04EC0-301F-11D3-BF4B-00C04F79EFBC}") = "Unity.VSCode.Editor", "Unity.VSCode.Editor.csproj", "{5D78AD60-4F45-F3DA-F7A8-C8BB10A2AD12}"
EndProject
Global
	GlobalSection(SolutionConfigurationPlatforms) = preSolution
		Debug|Any CPU = Debug|Any CPU
		Release|Any CPU = Release|Any CPU
	EndGlobalSection
	GlobalSection(ProjectConfigurationPlatforms) = postSolution
		{B609A260-E311-AEC2-092F-FC07AD702A7E}.Debug|Any CPU.ActiveCfg = Debug|Any CPU
		{B609A260-E311-AEC2-092F-FC07AD702A7E}.Debug|Any CPU.Build.0 = Debug|Any CPU
		{B609A260-E311-AEC2-092F-FC07AD702A7E}.Release|Any CPU.ActiveCfg = Release|Any CPU
		{B609A260-E311-AEC2-092F-FC07AD702A7E}.Release|Any CPU.Build.0 = Release|Any CPU
		{ACD85BD9-9FA8-2C52-A9E4-24344C3774C3}.Debug|Any CPU.ActiveCfg = Debug|Any CPU
		{ACD85BD9-9FA8-2C52-A9E4-24344C3774C3}.Debug|Any CPU.Build.0 = Debug|Any CPU
		{ACD85BD9-9FA8-2C52-A9E4-24344C3774C3}.Release|Any CPU.ActiveCfg = Release|Any CPU
		{ACD85BD9-9FA8-2C52-A9E4-24344C3774C3}.Release|Any CPU.Build.0 = Release|Any CPU
		{ADB4FD11-11BF-4858-E1CB-BAEE3199D878}.Debug|Any CPU.ActiveCfg = Debug|Any CPU
		{ADB4FD11-11BF-4858-E1CB-BAEE3199D878}.Debug|Any CPU.Build.0 = Debug|Any CPU
		{ADB4FD11-11BF-4858-E1CB-BAEE3199D878}.Release|Any CPU.ActiveCfg = Release|Any CPU
		{ADB4FD11-11BF-4858-E1CB-BAEE3199D878}.Release|Any CPU.Build.0 = Release|Any CPU
		{A3A9F789-BD58-5609-2E7C-F36767422BD8}.Debug|Any CPU.ActiveCfg = Debug|Any CPU
		{A3A9F789-BD58-5609-2E7C-F36767422BD8}.Debug|Any CPU.Build.0 = Debug|Any CPU
		{A3A9F789-BD58-5609-2E7C-F36767422BD8}.Release|Any CPU.ActiveCfg = Release|Any CPU
		{A3A9F789-BD58-5609-2E7C-F36767422BD8}.Release|Any CPU.Build.0 = Release|Any CPU
		{97C2DCC3-DEE1-7BAE-4390-E5BAE8FCC4D2}.Debug|Any CPU.ActiveCfg = Debug|Any CPU
		{97C2DCC3-DEE1-7BAE-4390-E5BAE8FCC4D2}.Debug|Any CPU.Build.0 = Debug|Any CPU
		{97C2DCC3-DEE1-7BAE-4390-E5BAE8FCC4D2}.Release|Any CPU.ActiveCfg = Release|Any CPU
		{97C2DCC3-DEE1-7BAE-4390-E5BAE8FCC4D2}.Release|Any CPU.Build.0 = Release|Any CPU
		{534FDBC6-E5A1-9F21-D77D-0EA9B8EF8D36}.Debug|Any CPU.ActiveCfg = Debug|Any CPU
		{534FDBC6-E5A1-9F21-D77D-0EA9B8EF8D36}.Debug|Any CPU.Build.0 = Debug|Any CPU
		{534FDBC6-E5A1-9F21-D77D-0EA9B8EF8D36}.Release|Any CPU.ActiveCfg = Release|Any CPU
		{534FDBC6-E5A1-9F21-D77D-0EA9B8EF8D36}.Release|Any CPU.Build.0 = Release|Any CPU
		{D860BBAB-E98E-4F39-8A6D-DA936113E271}.Debug|Any CPU.ActiveCfg = Debug|Any CPU
		{D860BBAB-E98E-4F39-8A6D-DA936113E271}.Debug|Any CPU.Build.0 = Debug|Any CPU
		{D860BBAB-E98E-4F39-8A6D-DA936113E271}.Release|Any CPU.ActiveCfg = Release|Any CPU
		{D860BBAB-E98E-4F39-8A6D-DA936113E271}.Release|Any CPU.Build.0 = Release|Any CPU
		{50D39552-78AA-74A6-44AF-5662EECD6902}.Debug|Any CPU.ActiveCfg = Debug|Any CPU
		{50D39552-78AA-74A6-44AF-5662EECD6902}.Debug|Any CPU.Build.0 = Debug|Any CPU
		{50D39552-78AA-74A6-44AF-5662EECD6902}.Release|Any CPU.ActiveCfg = Release|Any CPU
		{50D39552-78AA-74A6-44AF-5662EECD6902}.Release|Any CPU.Build.0 = Release|Any CPU
		{35C29CCB-6013-BDAE-88B7-98C3DDA3EEDF}.Debug|Any CPU.ActiveCfg = Debug|Any CPU
		{35C29CCB-6013-BDAE-88B7-98C3DDA3EEDF}.Debug|Any CPU.Build.0 = Debug|Any CPU
		{35C29CCB-6013-BDAE-88B7-98C3DDA3EEDF}.Release|Any CPU.ActiveCfg = Release|Any CPU
		{35C29CCB-6013-BDAE-88B7-98C3DDA3EEDF}.Release|Any CPU.Build.0 = Release|Any CPU
		{29392019-7327-80F1-7577-26633589ABBB}.Debug|Any CPU.ActiveCfg = Debug|Any CPU
		{29392019-7327-80F1-7577-26633589ABBB}.Debug|Any CPU.Build.0 = Debug|Any CPU
		{29392019-7327-80F1-7577-26633589ABBB}.Release|Any CPU.ActiveCfg = Release|Any CPU
		{29392019-7327-80F1-7577-26633589ABBB}.Release|Any CPU.Build.0 = Release|Any CPU
		{66B7CC86-89FF-F51A-D992-F7139A26E6BB}.Debug|Any CPU.ActiveCfg = Debug|Any CPU
		{66B7CC86-89FF-F51A-D992-F7139A26E6BB}.Debug|Any CPU.Build.0 = Debug|Any CPU
		{66B7CC86-89FF-F51A-D992-F7139A26E6BB}.Release|Any CPU.ActiveCfg = Release|Any CPU
		{66B7CC86-89FF-F51A-D992-F7139A26E6BB}.Release|Any CPU.Build.0 = Release|Any CPU
		{B77DD40E-6FD5-A387-7803-BF5133F6ECFB}.Debug|Any CPU.ActiveCfg = Debug|Any CPU
		{B77DD40E-6FD5-A387-7803-BF5133F6ECFB}.Debug|Any CPU.Build.0 = Debug|Any CPU
		{B77DD40E-6FD5-A387-7803-BF5133F6ECFB}.Release|Any CPU.ActiveCfg = Release|Any CPU
		{B77DD40E-6FD5-A387-7803-BF5133F6ECFB}.Release|Any CPU.Build.0 = Release|Any CPU
		{5D78AD60-4F45-F3DA-F7A8-C8BB10A2AD12}.Debug|Any CPU.ActiveCfg = Debug|Any CPU
		{5D78AD60-4F45-F3DA-F7A8-C8BB10A2AD12}.Debug|Any CPU.Build.0 = Debug|Any CPU
		{5D78AD60-4F45-F3DA-F7A8-C8BB10A2AD12}.Release|Any CPU.ActiveCfg = Release|Any CPU
		{5D78AD60-4F45-F3DA-F7A8-C8BB10A2AD12}.Release|Any CPU.Build.0 = Release|Any CPU
	EndGlobalSection
	GlobalSection(SolutionProperties) = preSolution
		HideSolutionNode = FALSE
	EndGlobalSection
EndGlobal
